// !$*UTF8*$!
{
	archiveVersion = 1;
	classes = {
	};
	objectVersion = 50;
	objects = {

/* Begin PBXBuildFile section */
		4722EB4026EF7F4300703338 /* AppDelegate.swift in Sources */ = {isa = PBXBuildFile; fileRef = 4722EB3F26EF7F4300703338 /* AppDelegate.swift */; };
		4722EB4226EF7F4300703338 /* SceneDelegate.swift in Sources */ = {isa = PBXBuildFile; fileRef = 4722EB4126EF7F4300703338 /* SceneDelegate.swift */; };
		4722EB4426EF7F4300703338 /* ViewController.swift in Sources */ = {isa = PBXBuildFile; fileRef = 4722EB4326EF7F4300703338 /* ViewController.swift */; };
		4722EB4726EF7F4300703338 /* Main.storyboard in Resources */ = {isa = PBXBuildFile; fileRef = 4722EB4526EF7F4300703338 /* Main.storyboard */; };
		4722EB4926EF7F4400703338 /* Assets.xcassets in Resources */ = {isa = PBXBuildFile; fileRef = 4722EB4826EF7F4400703338 /* Assets.xcassets */; };
		4722EB4C26EF7F4400703338 /* Collections.storyboard in Resources */ = {isa = PBXBuildFile; fileRef = 4722EB4A26EF7F4400703338 /* Collections.storyboard */; };
		4722EB5526EF80FC00703338 /* DebugMenu.storyboard in Resources */ = {isa = PBXBuildFile; fileRef = 4722EB5426EF80FC00703338 /* DebugMenu.storyboard */; };
		4722EB5726EF813E00703338 /* DebugViewController.swift in Sources */ = {isa = PBXBuildFile; fileRef = 4722EB5626EF813E00703338 /* DebugViewController.swift */; };
		4743971D26F4D27500EAE56D /* TabBar.storyboard in Resources */ = {isa = PBXBuildFile; fileRef = 4743971C26F4D27500EAE56D /* TabBar.storyboard */; };
		47548EB526F50119009DFE0A /* Collections.swift in Sources */ = {isa = PBXBuildFile; fileRef = 47548EB426F50119009DFE0A /* Collections.swift */; };
		47548EB926F88CF1009DFE0A /* BasicTableViewCell.swift in Sources */ = {isa = PBXBuildFile; fileRef = 47548EB726F88CF1009DFE0A /* BasicTableViewCell.swift */; };
		47548EBA26F88CF1009DFE0A /* BasicCell.xib in Resources */ = {isa = PBXBuildFile; fileRef = 47548EB826F88CF1009DFE0A /* BasicCell.xib */; };
		47548EBC26F899AE009DFE0A /* const.swift in Sources */ = {isa = PBXBuildFile; fileRef = 47548EBB26F899AE009DFE0A /* const.swift */; };
/* End PBXBuildFile section */

/* Begin PBXFileReference section */
		4722EB3C26EF7F4300703338 /* создание ПР с переходами.app */ = {isa = PBXFileReference; explicitFileType = wrapper.application; includeInIndex = 0; path = "создание ПР с переходами.app"; sourceTree = BUILT_PRODUCTS_DIR; };
		4722EB3F26EF7F4300703338 /* AppDelegate.swift */ = {isa = PBXFileReference; lastKnownFileType = sourcecode.swift; path = AppDelegate.swift; sourceTree = "<group>"; };
		4722EB4126EF7F4300703338 /* SceneDelegate.swift */ = {isa = PBXFileReference; lastKnownFileType = sourcecode.swift; path = SceneDelegate.swift; sourceTree = "<group>"; };
		4722EB4326EF7F4300703338 /* ViewController.swift */ = {isa = PBXFileReference; lastKnownFileType = sourcecode.swift; path = ViewController.swift; sourceTree = "<group>"; };
		4722EB4626EF7F4300703338 /* Base */ = {isa = PBXFileReference; lastKnownFileType = file.storyboard; name = Base; path = Base.lproj/Main.storyboard; sourceTree = "<group>"; };
		4722EB4826EF7F4400703338 /* Assets.xcassets */ = {isa = PBXFileReference; lastKnownFileType = folder.assetcatalog; path = Assets.xcassets; sourceTree = "<group>"; };
		4722EB4B26EF7F4400703338 /* Base */ = {isa = PBXFileReference; lastKnownFileType = file.storyboard; name = Base; path = Base.lproj/Collections.storyboard; sourceTree = "<group>"; };
		4722EB4D26EF7F4400703338 /* Info.plist */ = {isa = PBXFileReference; lastKnownFileType = text.plist.xml; path = Info.plist; sourceTree = "<group>"; };
		4722EB5426EF80FC00703338 /* DebugMenu.storyboard */ = {isa = PBXFileReference; lastKnownFileType = file.storyboard; path = DebugMenu.storyboard; sourceTree = "<group>"; };
		4722EB5626EF813E00703338 /* DebugViewController.swift */ = {isa = PBXFileReference; lastKnownFileType = sourcecode.swift; path = DebugViewController.swift; sourceTree = "<group>"; };
		4743971C26F4D27500EAE56D /* TabBar.storyboard */ = {isa = PBXFileReference; lastKnownFileType = file.storyboard; path = TabBar.storyboard; sourceTree = "<group>"; };
		47548EB426F50119009DFE0A /* Collections.swift */ = {isa = PBXFileReference; lastKnownFileType = sourcecode.swift; path = Collections.swift; sourceTree = "<group>"; };
		47548EB726F88CF1009DFE0A /* BasicTableViewCell.swift */ = {isa = PBXFileReference; lastKnownFileType = sourcecode.swift; path = BasicTableViewCell.swift; sourceTree = "<group>"; };
		47548EB826F88CF1009DFE0A /* BasicCell.xib */ = {isa = PBXFileReference; lastKnownFileType = file.xib; path = BasicCell.xib; sourceTree = "<group>"; };
		47548EBB26F899AE009DFE0A /* const.swift */ = {isa = PBXFileReference; lastKnownFileType = sourcecode.swift; path = const.swift; sourceTree = "<group>"; };
/* End PBXFileReference section */

/* Begin PBXFrameworksBuildPhase section */
		4722EB3926EF7F4300703338 /* Frameworks */ = {
			isa = PBXFrameworksBuildPhase;
			buildActionMask = 2147483647;
			files = (
			);
			runOnlyForDeploymentPostprocessing = 0;
		};
/* End PBXFrameworksBuildPhase section */

/* Begin PBXGroup section */
		4722EB3326EF7F4300703338 = {
			isa = PBXGroup;
			children = (
				4722EB3E26EF7F4300703338 /* создание ПР с переходами */,
				4722EB3D26EF7F4300703338 /* Products */,
			);
			sourceTree = "<group>";
		};
		4722EB3D26EF7F4300703338 /* Products */ = {
			isa = PBXGroup;
			children = (
				4722EB3C26EF7F4300703338 /* создание ПР с переходами.app */,
			);
			name = Products;
			sourceTree = "<group>";
		};
		4722EB3E26EF7F4300703338 /* создание ПР с переходами */ = {
			isa = PBXGroup;
			children = (
				4722EB3F26EF7F4300703338 /* AppDelegate.swift */,
				4722EB4126EF7F4300703338 /* SceneDelegate.swift */,
				4722EB5326EF809E00703338 /* New Group */,
				4722EB4826EF7F4400703338 /* Assets.xcassets */,
				47548EB326F500AC009DFE0A /* Друзья */,
				47548EB626F50133009DFE0A /* Сообщения */,
				4722EB4D26EF7F4400703338 /* Info.plist */,
			);
			path = "создание ПР с переходами";
			sourceTree = "<group>";
		};
		4722EB5326EF809E00703338 /* New Group */ = {
			isa = PBXGroup;
			children = (
				4722EB4526EF7F4300703338 /* Main.storyboard */,
				4722EB4326EF7F4300703338 /* ViewController.swift */,
				47548EB726F88CF1009DFE0A /* BasicTableViewCell.swift */,
				47548EB826F88CF1009DFE0A /* BasicCell.xib */,
				4743971C26F4D27500EAE56D /* TabBar.storyboard */,
			);
			path = "New Group";
			sourceTree = "<group>";
		};
		47548EB326F500AC009DFE0A /* Друзья */ = {
			isa = PBXGroup;
			children = (
				4722EB5426EF80FC00703338 /* DebugMenu.storyboard */,
				4722EB5626EF813E00703338 /* DebugViewController.swift */,
				47548EBB26F899AE009DFE0A /* const.swift */,
			);
			path = "Друзья";
			sourceTree = "<group>";
		};
		47548EB626F50133009DFE0A /* Сообщения */ = {
			isa = PBXGroup;
			children = (
				4722EB4A26EF7F4400703338 /* Collections.storyboard */,
				47548EB426F50119009DFE0A /* Collections.swift */,
			);
			path = "Сообщения";
			sourceTree = "<group>";
		};
/* End PBXGroup section */

/* Begin PBXNativeTarget section */
		4722EB3B26EF7F4300703338 /* создание ПР с переходами */ = {
			isa = PBXNativeTarget;
			buildConfigurationList = 4722EB5026EF7F4400703338 /* Build configuration list for PBXNativeTarget "создание ПР с переходами" */;
			buildPhases = (
				4722EB3826EF7F4300703338 /* Sources */,
				4722EB3926EF7F4300703338 /* Frameworks */,
				4722EB3A26EF7F4300703338 /* Resources */,
			);
			buildRules = (
			);
			dependencies = (
			);
			name = "создание ПР с переходами";
			productName = "создание ПР с переходами";
			productReference = 4722EB3C26EF7F4300703338 /* создание ПР с переходами.app */;
			productType = "com.apple.product-type.application";
		};
/* End PBXNativeTarget section */

/* Begin PBXProject section */
		4722EB3426EF7F4300703338 /* Project object */ = {
			isa = PBXProject;
			attributes = {
				LastSwiftUpdateCheck = 1250;
				LastUpgradeCheck = 1250;
				TargetAttributes = {
					4722EB3B26EF7F4300703338 = {
						CreatedOnToolsVersion = 12.5.1;
					};
				};
			};
			buildConfigurationList = 4722EB3726EF7F4300703338 /* Build configuration list for PBXProject "создание ПР с переходами" */;
			compatibilityVersion = "Xcode 9.3";
			developmentRegion = en;
			hasScannedForEncodings = 0;
			knownRegions = (
				en,
				Base,
			);
			mainGroup = 4722EB3326EF7F4300703338;
			productRefGroup = 4722EB3D26EF7F4300703338 /* Products */;
			projectDirPath = "";
			projectRoot = "";
			targets = (
				4722EB3B26EF7F4300703338 /* создание ПР с переходами */,
			);
		};
/* End PBXProject section */

/* Begin PBXResourcesBuildPhase section */
		4722EB3A26EF7F4300703338 /* Resources */ = {
			isa = PBXResourcesBuildPhase;
			buildActionMask = 2147483647;
			files = (
				47548EBA26F88CF1009DFE0A /* BasicCell.xib in Resources */,
				4743971D26F4D27500EAE56D /* TabBar.storyboard in Resources */,
				4722EB4C26EF7F4400703338 /* Collections.storyboard in Resources */,
				4722EB4926EF7F4400703338 /* Assets.xcassets in Resources */,
				4722EB4726EF7F4300703338 /* Main.storyboard in Resources */,
				4722EB5526EF80FC00703338 /* DebugMenu.storyboard in Resources */,
			);
			runOnlyForDeploymentPostprocessing = 0;
		};
/* End PBXResourcesBuildPhase section */

/* Begin PBXSourcesBuildPhase section */
		4722EB3826EF7F4300703338 /* Sources */ = {
			isa = PBXSourcesBuildPhase;
			buildActionMask = 2147483647;
			files = (
				4722EB4426EF7F4300703338 /* ViewController.swift in Sources */,
				4722EB4026EF7F4300703338 /* AppDelegate.swift in Sources */,
				47548EB926F88CF1009DFE0A /* BasicTableViewCell.swift in Sources */,
				4722EB5726EF813E00703338 /* DebugViewController.swift in Sources */,
				47548EBC26F899AE009DFE0A /* const.swift in Sources */,
				4722EB4226EF7F4300703338 /* SceneDelegate.swift in Sources */,
				47548EB526F50119009DFE0A /* Collections.swift in Sources */,
			);
			runOnlyForDeploymentPostprocessing = 0;
		};
/* End PBXSourcesBuildPhase section */

/* Begin PBXVariantGroup section */
		4722EB4526EF7F4300703338 /* Main.storyboard */ = {
			isa = PBXVariantGroup;
			children = (
				4722EB4626EF7F4300703338 /* Base */,
			);
			name = Main.storyboard;
			sourceTree = "<group>";
		};
		4722EB4A26EF7F4400703338 /* Collections.storyboard */ = {
			isa = PBXVariantGroup;
			children = (
				4722EB4B26EF7F4400703338 /* Base */,
			);
			name = Collections.storyboard;
			sourceTree = "<group>";
		};
/* End PBXVariantGroup section */

/* Begin XCBuildConfiguration section */
		4722EB4E26EF7F4400703338 /* Debug */ = {
			isa = XCBuildConfiguration;
			buildSettings = {
				ALWAYS_SEARCH_USER_PATHS = NO;
				CLANG_ANALYZER_NONNULL = YES;
				CLANG_ANALYZER_NUMBER_OBJECT_CONVERSION = YES_AGGRESSIVE;
				CLANG_CXX_LANGUAGE_STANDARD = "gnu++14";
				CLANG_CXX_LIBRARY = "libc++";
				CLANG_ENABLE_MODULES = YES;
				CLANG_ENABLE_OBJC_ARC = YES;
				CLANG_ENABLE_OBJC_WEAK = YES;
				CLANG_WARN_BLOCK_CAPTURE_AUTORELEASING = YES;
				CLANG_WARN_BOOL_CONVERSION = YES;
				CLANG_WARN_COMMA = YES;
				CLANG_WARN_CONSTANT_CONVERSION = YES;
				CLANG_WARN_DEPRECATED_OBJC_IMPLEMENTATIONS = YES;
				CLANG_WARN_DIRECT_OBJC_ISA_USAGE = YES_ERROR;
				CLANG_WARN_DOCUMENTATION_COMMENTS = YES;
				CLANG_WARN_EMPTY_BODY = YES;
				CLANG_WARN_ENUM_CONVERSION = YES;
				CLANG_WARN_INFINITE_RECURSION = YES;
				CLANG_WARN_INT_CONVERSION = YES;
				CLANG_WARN_NON_LITERAL_NULL_CONVERSION = YES;
				CLANG_WARN_OBJC_IMPLICIT_RETAIN_SELF = YES;
				CLANG_WARN_OBJC_LITERAL_CONVERSION = YES;
				CLANG_WARN_OBJC_ROOT_CLASS = YES_ERROR;
				CLANG_WARN_QUOTED_INCLUDE_IN_FRAMEWORK_HEADER = YES;
				CLANG_WARN_RANGE_LOOP_ANALYSIS = YES;
				CLANG_WARN_STRICT_PROTOTYPES = YES;
				CLANG_WARN_SUSPICIOUS_MOVE = YES;
				CLANG_WARN_UNGUARDED_AVAILABILITY = YES_AGGRESSIVE;
				CLANG_WARN_UNREACHABLE_CODE = YES;
				CLANG_WARN__DUPLICATE_METHOD_MATCH = YES;
				COPY_PHASE_STRIP = NO;
				DEBUG_INFORMATION_FORMAT = dwarf;
				ENABLE_STRICT_OBJC_MSGSEND = YES;
				ENABLE_TESTABILITY = YES;
				GCC_C_LANGUAGE_STANDARD = gnu11;
				GCC_DYNAMIC_NO_PIC = NO;
				GCC_NO_COMMON_BLOCKS = YES;
				GCC_OPTIMIZATION_LEVEL = 0;
				GCC_PREPROCESSOR_DEFINITIONS = (
					"DEBUG=1",
					"$(inherited)",
				);
				GCC_WARN_64_TO_32_BIT_CONVERSION = YES;
				GCC_WARN_ABOUT_RETURN_TYPE = YES_ERROR;
				GCC_WARN_UNDECLARED_SELECTOR = YES;
				GCC_WARN_UNINITIALIZED_AUTOS = YES_AGGRESSIVE;
				GCC_WARN_UNUSED_FUNCTION = YES;
				GCC_WARN_UNUSED_VARIABLE = YES;
				IPHONEOS_DEPLOYMENT_TARGET = 14.5;
				MTL_ENABLE_DEBUG_INFO = INCLUDE_SOURCE;
				MTL_FAST_MATH = YES;
				ONLY_ACTIVE_ARCH = YES;
				SDKROOT = iphoneos;
				SWIFT_ACTIVE_COMPILATION_CONDITIONS = DEBUG;
				SWIFT_OPTIMIZATION_LEVEL = "-Onone";
			};
			name = Debug;
		};
		4722EB4F26EF7F4400703338 /* Release */ = {
			isa = XCBuildConfiguration;
			buildSettings = {
				ALWAYS_SEARCH_USER_PATHS = NO;
				CLANG_ANALYZER_NONNULL = YES;
				CLANG_ANALYZER_NUMBER_OBJECT_CONVERSION = YES_AGGRESSIVE;
				CLANG_CXX_LANGUAGE_STANDARD = "gnu++14";
				CLANG_CXX_LIBRARY = "libc++";
				CLANG_ENABLE_MODULES = YES;
				CLANG_ENABLE_OBJC_ARC = YES;
				CLANG_ENABLE_OBJC_WEAK = YES;
				CLANG_WARN_BLOCK_CAPTURE_AUTORELEASING = YES;
				CLANG_WARN_BOOL_CONVERSION = YES;
				CLANG_WARN_COMMA = YES;
				CLANG_WARN_CONSTANT_CONVERSION = YES;
				CLANG_WARN_DEPRECATED_OBJC_IMPLEMENTATIONS = YES;
				CLANG_WARN_DIRECT_OBJC_ISA_USAGE = YES_ERROR;
				CLANG_WARN_DOCUMENTATION_COMMENTS = YES;
				CLANG_WARN_EMPTY_BODY = YES;
				CLANG_WARN_ENUM_CONVERSION = YES;
				CLANG_WARN_INFINITE_RECURSION = YES;
				CLANG_WARN_INT_CONVERSION = YES;
				CLANG_WARN_NON_LITERAL_NULL_CONVERSION = YES;
				CLANG_WARN_OBJC_IMPLICIT_RETAIN_SELF = YES;
				CLANG_WARN_OBJC_LITERAL_CONVERSION = YES;
				CLANG_WARN_OBJC_ROOT_CLASS = YES_ERROR;
				CLANG_WARN_QUOTED_INCLUDE_IN_FRAMEWORK_HEADER = YES;
				CLANG_WARN_RANGE_LOOP_ANALYSIS = YES;
				CLANG_WARN_STRICT_PROTOTYPES = YES;
				CLANG_WARN_SUSPICIOUS_MOVE = YES;
				CLANG_WARN_UNGUARDED_AVAILABILITY = YES_AGGRESSIVE;
				CLANG_WARN_UNREACHABLE_CODE = YES;
				CLANG_WARN__DUPLICATE_METHOD_MATCH = YES;
				COPY_PHASE_STRIP = NO;
				DEBUG_INFORMATION_FORMAT = "dwarf-with-dsym";
				ENABLE_NS_ASSERTIONS = NO;
				ENABLE_STRICT_OBJC_MSGSEND = YES;
				GCC_C_LANGUAGE_STANDARD = gnu11;
				GCC_NO_COMMON_BLOCKS = YES;
				GCC_WARN_64_TO_32_BIT_CONVERSION = YES;
				GCC_WARN_ABOUT_RETURN_TYPE = YES_ERROR;
				GCC_WARN_UNDECLARED_SELECTOR = YES;
				GCC_WARN_UNINITIALIZED_AUTOS = YES_AGGRESSIVE;
				GCC_WARN_UNUSED_FUNCTION = YES;
				GCC_WARN_UNUSED_VARIABLE = YES;
				IPHONEOS_DEPLOYMENT_TARGET = 14.5;
				MTL_ENABLE_DEBUG_INFO = NO;
				MTL_FAST_MATH = YES;
				SDKROOT = iphoneos;
				SWIFT_COMPILATION_MODE = wholemodule;
				SWIFT_OPTIMIZATION_LEVEL = "-O";
				VALIDATE_PRODUCT = YES;
			};
			name = Release;
		};
		4722EB5126EF7F4400703338 /* Debug */ = {
			isa = XCBuildConfiguration;
			buildSettings = {
				ASSETCATALOG_COMPILER_APPICON_NAME = AppIcon;
				ASSETCATALOG_COMPILER_GLOBAL_ACCENT_COLOR_NAME = AccentColor;
				CODE_SIGN_STYLE = Automatic;
				DEVELOPMENT_TEAM = PMXYH42B89;
				INFOPLIST_FILE = "создание ПР с переходами/Info.plist";
				LD_RUNPATH_SEARCH_PATHS = (
					"$(inherited)",
					"@executable_path/Frameworks",
				);
				PRODUCT_BUNDLE_IDENTIFIER = "ruzal.------------------------";
				PRODUCT_NAME = "$(TARGET_NAME)";
				SWIFT_VERSION = 5.0;
				TARGETED_DEVICE_FAMILY = "1,2";
			};
			name = Debug;
		};
		4722EB5226EF7F4400703338 /* Release */ = {
			isa = XCBuildConfiguration;
			buildSettings = {
				ASSETCATALOG_COMPILER_APPICON_NAME = AppIcon;
				ASSETCATALOG_COMPILER_GLOBAL_ACCENT_COLOR_NAME = AccentColor;
				CODE_SIGN_STYLE = Automatic;
				DEVELOPMENT_TEAM = PMXYH42B89;
				INFOPLIST_FILE = "создание ПР с переходами/Info.plist";
				LD_RUNPATH_SEARCH_PATHS = (
					"$(inherited)",
					"@executable_path/Frameworks",
				);
				PRODUCT_BUNDLE_IDENTIFIER = "ruzal.------------------------";
				PRODUCT_NAME = "$(TARGET_NAME)";
				SWIFT_VERSION = 5.0;
				TARGETED_DEVICE_FAMILY = "1,2";
			};
			name = Release;
		};
/* End XCBuildConfiguration section */

/* Begin XCConfigurationList section */
		4722EB3726EF7F4300703338 /* Build configuration list for PBXProject "создание ПР с переходами" */ = {
			isa = XCConfigurationList;
			buildConfigurations = (
				4722EB4E26EF7F4400703338 /* Debug */,
				4722EB4F26EF7F4400703338 /* Release */,
			);
			defaultConfigurationIsVisible = 0;
			defaultConfigurationName = Release;
		};
		4722EB5026EF7F4400703338 /* Build configuration list for PBXNativeTarget "создание ПР с переходами" */ = {
			isa = XCConfigurationList;
			buildConfigurations = (
				4722EB5126EF7F4400703338 /* Debug */,
				4722EB5226EF7F4400703338 /* Release */,
			);
			defaultConfigurationIsVisible = 0;
			defaultConfigurationName = Release;
		};
/* End XCConfigurationList section */
	};
	rootObject = 4722EB3426EF7F4300703338 /* Project object */;
}
